
Microsoft Visual Studio Solution File, Format Version 12.00
# Visual Studio 15
VisualStudioVersion = 15.0.28307.539
MinimumVisualStudioVersion = 10.0.40219.1
Project("{8BC9CEB8-8B4A-11D0-8D11-00A0C91BC942}") = "SortingLibrary", "SortingLibrary\SortingLibrary.vcxproj", "{87B519A9-7D42-4853-9341-180BD2FD0CFF}"
EndProject
Project("{8BC9CEB8-8B4A-11D0-8D11-00A0C91BC942}") = "SortingLibraryTests", "SortingLibraryTests\SortingLibraryTests.vcxproj", "{A367EC06-D83F-4153-8DDA-2FF6D9ACFE27}"
EndProject
Global
	GlobalSection(SolutionConfigurationPlatforms) = preSolution
		Debug|x64 = Debug|x64
		Debug|x86 = Debug|x86
		Release|x64 = Release|x64
		Release|x86 = Release|x86
	EndGlobalSection
	GlobalSection(ProjectConfigurationPlatforms) = postSolution
		{87B519A9-7D42-4853-9341-180BD2FD0CFF}.Debug|x64.ActiveCfg = Debug|x64
		{87B519A9-7D42-4853-9341-180BD2FD0CFF}.Debug|x64.Build.0 = Debug|x64
		{87B519A9-7D42-4853-9341-180BD2FD0CFF}.Debug|x86.ActiveCfg = Debug|Win32
		{87B519A9-7D42-4853-9341-180BD2FD0CFF}.Debug|x86.Build.0 = Debug|Win32
		{87B519A9-7D42-4853-9341-180BD2FD0CFF}.Release|x64.ActiveCfg = Release|x64
		{87B519A9-7D42-4853-9341-180BD2FD0CFF}.Release|x64.Build.0 = Release|x64
		{87B519A9-7D42-4853-9341-180BD2FD0CFF}.Release|x86.ActiveCfg = Release|Win32
		{87B519A9-7D42-4853-9341-180BD2FD0CFF}.Release|x86.Build.0 = Release|Win32
		{A367EC06-D83F-4153-8DDA-2FF6D9ACFE27}.Debug|x64.ActiveCfg = Debug|x64
		{A367EC06-D83F-4153-8DDA-2FF6D9ACFE27}.Debug|x64.Build.0 = Debug|x64
		{A367EC06-D83F-4153-8DDA-2FF6D9ACFE27}.Debug|x86.ActiveCfg = Debug|Win32
		{A367EC06-D83F-4153-8DDA-2FF6D9ACFE27}.Debug|x86.Build.0 = Debug|Win32
		{A367EC06-D83F-4153-8DDA-2FF6D9ACFE27}.Release|x64.ActiveCfg = Release|x64
		{A367EC06-D83F-4153-8DDA-2FF6D9ACFE27}.Release|x64.Build.0 = Release|x64
		{A367EC06-D83F-4153-8DDA-2FF6D9ACFE27}.Release|x86.ActiveCfg = Release|Win32
		{A367EC06-D83F-4153-8DDA-2FF6D9ACFE27}.Release|x86.Build.0 = Release|Win32
	EndGlobalSection
	GlobalSection(SolutionProperties) = preSolution
		HideSolutionNode = FALSE
	EndGlobalSection
	GlobalSection(ExtensibilityGlobals) = postSolution
		SolutionGuid = {A62DD069-0327-4C1E-A3E7-CD363C73C930}
	EndGlobalSection
EndGlobal
